
Microsoft Visual Studio Solution File, Format Version 12.00
# Visual Studio Version 17
VisualStudioVersion = 17.13.35825.156 d17.13
MinimumVisualStudioVersion = 10.0.40219.1
Project("{FAE04EC0-301F-11D3-BF4B-00C04F79EFBC}") = "BT_7_31231026699", "BT_7_31231026699\BT_7_31231026699.csproj", "{854591F3-3494-489E-86D1-2BE4B0CFF8C4}"
EndProject
Global
	GlobalSection(SolutionConfigurationPlatforms) = preSolution
		Debug|Any CPU = Debug|Any CPU
		Release|Any CPU = Release|Any CPU
	EndGlobalSection
	GlobalSection(ProjectConfigurationPlatforms) = postSolution
		{854591F3-3494-489E-86D1-2BE4B0CFF8C4}.Debug|Any CPU.ActiveCfg = Debug|Any CPU
		{854591F3-3494-489E-86D1-2BE4B0CFF8C4}.Debug|Any CPU.Build.0 = Debug|Any CPU
		{854591F3-3494-489E-86D1-2BE4B0CFF8C4}.Release|Any CPU.ActiveCfg = Release|Any CPU
		{854591F3-3494-489E-86D1-2BE4B0CFF8C4}.Release|Any CPU.Build.0 = Release|Any CPU
	EndGlobalSection
	GlobalSection(SolutionProperties) = preSolution
		HideSolutionNode = FALSE
	EndGlobalSection
	GlobalSection(ExtensibilityGlobals) = postSolution
		SolutionGuid = {0334C73C-17FC-4692-90D6-721DCE0D9F11}
	EndGlobalSection
EndGlobal
